
Microsoft Visual Studio Solution File, Format Version 12.00
# Visual Studio Version 17
VisualStudioVersion = 17.10.35004.147
MinimumVisualStudioVersion = 10.0.40219.1
Project("{FAE04EC0-301F-11D3-BF4B-00C04F79EFBC}") = "calculator", "calculator\calculator.csproj", "{3BC91EBA-3C92-421D-8365-7559609B82D4}"
EndProject
Global
	GlobalSection(SolutionConfigurationPlatforms) = preSolution
		Debug|Any CPU = Debug|Any CPU
		Release|Any CPU = Release|Any CPU
	EndGlobalSection
	GlobalSection(ProjectConfigurationPlatforms) = postSolution
		{3BC91EBA-3C92-421D-8365-7559609B82D4}.Debug|Any CPU.ActiveCfg = Debug|Any CPU
		{3BC91EBA-3C92-421D-8365-7559609B82D4}.Debug|Any CPU.Build.0 = Debug|Any CPU
		{3BC91EBA-3C92-421D-8365-7559609B82D4}.Release|Any CPU.ActiveCfg = Release|Any CPU
		{3BC91EBA-3C92-421D-8365-7559609B82D4}.Release|Any CPU.Build.0 = Release|Any CPU
	EndGlobalSection
	GlobalSection(SolutionProperties) = preSolution
		HideSolutionNode = FALSE
	EndGlobalSection
	GlobalSection(ExtensibilityGlobals) = postSolution
		SolutionGuid = {5AC480CD-2E33-4C69-8FA0-9C03F7B5B96E}
	EndGlobalSection
EndGlobal
